
Microsoft Visual Studio Solution File, Format Version 12.00
Project("{FAE04EC0-301F-11D3-BF4B-00C04F79EFBC}") = "ExpanderApp", "ExpanderApp\ExpanderApp.csproj", "{736A0AE1-7ADE-4904-AE34-6AC7B134A46A}"
EndProject
Global
	GlobalSection(SolutionConfigurationPlatforms) = preSolution
		Debug|Any CPU = Debug|Any CPU
		Release|Any CPU = Release|Any CPU
	EndGlobalSection
	GlobalSection(ProjectConfigurationPlatforms) = postSolution
		{736A0AE1-7ADE-4904-AE34-6AC7B134A46A}.Debug|Any CPU.ActiveCfg = Debug|Any CPU
		{736A0AE1-7ADE-4904-AE34-6AC7B134A46A}.Debug|Any CPU.Build.0 = Debug|Any CPU
		{736A0AE1-7ADE-4904-AE34-6AC7B134A46A}.Release|Any CPU.ActiveCfg = Release|Any CPU
		{736A0AE1-7ADE-4904-AE34-6AC7B134A46A}.Release|Any CPU.Build.0 = Release|Any CPU
	EndGlobalSection
EndGlobal
